github.com/niikoo/pdf2txt/pdf v0.0.0-20200808143521-3fd1ebadfd84 h1:ztz2zqx55RnljAjdFgenjh8nS/DLBdWHETWZfTgq/dU=
github.com/niikoo/pdf2txt/pdf v0.0.0-20200808143521-3fd1ebadfd84/go.mod h1:mob436QyXuVWNG4w5CFjdqwT1QodH0f2ciT51D+1O5A=
rsc.io/pdf v0.1.1 h1:k1MczvYDUvJBe93bYd7wrZLLUEcLZAuF824/I4e5Xr4=
rsc.io/pdf v0.1.1/go.mod h1:n8OzWcQ6Sp37PL01nO98y4iUCRdTGarVfzxY20ICaU4=
